// !$*UTF8*$!
{
	archiveVersion = 1;
	classes = {
	};
	objectVersion = 55;
	objects = {

/* Begin PBXBuildFile section */
		4488CC563AB7B3200EFF0C9A /* Pods_FlixPartOneTests.framework in Frameworks */ = {isa = PBXBuildFile; fileRef = A38995550B8BD257E610AB1E /* Pods_FlixPartOneTests.framework */; };
		569F6492222F301AEB18CC0D /* Pods_FlixPartOne_FlixPartOneUITests.framework in Frameworks */ = {isa = PBXBuildFile; fileRef = 8F15B06190EC0FA54432914C /* Pods_FlixPartOne_FlixPartOneUITests.framework */; };
		5E84CFD127AB199B00FCF59F /* AppDelegate.swift in Sources */ = {isa = PBXBuildFile; fileRef = 5E84CFD027AB199B00FCF59F /* AppDelegate.swift */; };
		5E84CFD327AB199B00FCF59F /* SceneDelegate.swift in Sources */ = {isa = PBXBuildFile; fileRef = 5E84CFD227AB199B00FCF59F /* SceneDelegate.swift */; };
		5E84CFD527AB199B00FCF59F /* ViewController.swift in Sources */ = {isa = PBXBuildFile; fileRef = 5E84CFD427AB199B00FCF59F /* ViewController.swift */; };
		5E84CFD827AB199B00FCF59F /* Main.storyboard in Resources */ = {isa = PBXBuildFile; fileRef = 5E84CFD627AB199B00FCF59F /* Main.storyboard */; };
		5E84CFDA27AB199C00FCF59F /* Assets.xcassets in Resources */ = {isa = PBXBuildFile; fileRef = 5E84CFD927AB199C00FCF59F /* Assets.xcassets */; };
		5E84CFDD27AB199C00FCF59F /* LaunchScreen.storyboard in Resources */ = {isa = PBXBuildFile; fileRef = 5E84CFDB27AB199C00FCF59F /* LaunchScreen.storyboard */; };
		5E84CFE827AB199C00FCF59F /* FlixPartOneTests.swift in Sources */ = {isa = PBXBuildFile; fileRef = 5E84CFE727AB199C00FCF59F /* FlixPartOneTests.swift */; };
		5E84CFF227AB199C00FCF59F /* FlixPartOneUITests.swift in Sources */ = {isa = PBXBuildFile; fileRef = 5E84CFF127AB199C00FCF59F /* FlixPartOneUITests.swift */; };
		5E84CFF427AB199C00FCF59F /* FlixPartOneUITestsLaunchTests.swift in Sources */ = {isa = PBXBuildFile; fileRef = 5E84CFF327AB199C00FCF59F /* FlixPartOneUITestsLaunchTests.swift */; };
		5E84D00327AB251E00FCF59F /* MoviesViewController.swift in Sources */ = {isa = PBXBuildFile; fileRef = 5E84D00227AB251E00FCF59F /* MoviesViewController.swift */; };
		5E84D00527ADFF8100FCF59F /* MovieCell.swift in Sources */ = {isa = PBXBuildFile; fileRef = 5E84D00427ADFF8100FCF59F /* MovieCell.swift */; };
		5E84D00827AE101B00FCF59F /* AlamofireImage in Frameworks */ = {isa = PBXBuildFile; productRef = 5E84D00727AE101B00FCF59F /* AlamofireImage */; };
		5EC0ED6B27B800C700077D45 /* MovieDetailsViewController.swift in Sources */ = {isa = PBXBuildFile; fileRef = 5EC0ED6A27B800C700077D45 /* MovieDetailsViewController.swift */; };
		5EC0ED6D27B973B200077D45 /* MovieGridViewController.swift in Sources */ = {isa = PBXBuildFile; fileRef = 5EC0ED6C27B973B200077D45 /* MovieGridViewController.swift */; };
		5EC0ED6F27B980FE00077D45 /* MovieGridCell.swift in Sources */ = {isa = PBXBuildFile; fileRef = 5EC0ED6E27B980FE00077D45 /* MovieGridCell.swift */; };
		5EC0ED7127BA0F4600077D45 /* HeroDetailsViewController.swift in Sources */ = {isa = PBXBuildFile; fileRef = 5EC0ED7027BA0F4600077D45 /* HeroDetailsViewController.swift */; };
		9E91139FE924435685AF08F6 /* Pods_FlixPartOne.framework in Frameworks */ = {isa = PBXBuildFile; fileRef = C00AB09877A5A5098291DFD8 /* Pods_FlixPartOne.framework */; };
/* End PBXBuildFile section */

/* Begin PBXContainerItemProxy section */
		5E84CFE427AB199C00FCF59F /* PBXContainerItemProxy */ = {
			isa = PBXContainerItemProxy;
			containerPortal = 5E84CFC527AB199B00FCF59F /* Project object */;
			proxyType = 1;
			remoteGlobalIDString = 5E84CFCC27AB199B00FCF59F;
			remoteInfo = FlixPartOne;
		};
		5E84CFEE27AB199C00FCF59F /* PBXContainerItemProxy */ = {
			isa = PBXContainerItemProxy;
			containerPortal = 5E84CFC527AB199B00FCF59F /* Project object */;
			proxyType = 1;
			remoteGlobalIDString = 5E84CFCC27AB199B00FCF59F;
			remoteInfo = FlixPartOne;
		};
/* End PBXContainerItemProxy section */

/* Begin PBXFileReference section */
		5E84CFCD27AB199B00FCF59F /* FlixPartOne.app */ = {isa = PBXFileReference; explicitFileType = wrapper.application; includeInIndex = 0; path = FlixPartOne.app; sourceTree = BUILT_PRODUCTS_DIR; };
		5E84CFD027AB199B00FCF59F /* AppDelegate.swift */ = {isa = PBXFileReference; lastKnownFileType = sourcecode.swift; path = AppDelegate.swift; sourceTree = "<group>"; };
		5E84CFD227AB199B00FCF59F /* SceneDelegate.swift */ = {isa = PBXFileReference; lastKnownFileType = sourcecode.swift; path = SceneDelegate.swift; sourceTree = "<group>"; };
		5E84CFD427AB199B00FCF59F /* ViewController.swift */ = {isa = PBXFileReference; lastKnownFileType = sourcecode.swift; path = ViewController.swift; sourceTree = "<group>"; };
		5E84CFD727AB199B00FCF59F /* Base */ = {isa = PBXFileReference; lastKnownFileType = file.storyboard; name = Base; path = Base.lproj/Main.storyboard; sourceTree = "<group>"; };
		5E84CFD927AB199C00FCF59F /* Assets.xcassets */ = {isa = PBXFileReference; lastKnownFileType = folder.assetcatalog; path = Assets.xcassets; sourceTree = "<group>"; };
		5E84CFDC27AB199C00FCF59F /* Base */ = {isa = PBXFileReference; lastKnownFileType = file.storyboard; name = Base; path = Base.lproj/LaunchScreen.storyboard; sourceTree = "<group>"; };
		5E84CFDE27AB199C00FCF59F /* Info.plist */ = {isa = PBXFileReference; lastKnownFileType = text.plist.xml; path = Info.plist; sourceTree = "<group>"; };
		5E84CFE327AB199C00FCF59F /* FlixPartOneTests.xctest */ = {isa = PBXFileReference; explicitFileType = wrapper.cfbundle; includeInIndex = 0; path = FlixPartOneTests.xctest; sourceTree = BUILT_PRODUCTS_DIR; };
		5E84CFE727AB199C00FCF59F /* FlixPartOneTests.swift */ = {isa = PBXFileReference; lastKnownFileType = sourcecode.swift; path = FlixPartOneTests.swift; sourceTree = "<group>"; };
		5E84CFED27AB199C00FCF59F /* FlixPartOneUITests.xctest */ = {isa = PBXFileReference; explicitFileType = wrapper.cfbundle; includeInIndex = 0; path = FlixPartOneUITests.xctest; sourceTree = BUILT_PRODUCTS_DIR; };
		5E84CFF127AB199C00FCF59F /* FlixPartOneUITests.swift */ = {isa = PBXFileReference; lastKnownFileType = sourcecode.swift; path = FlixPartOneUITests.swift; sourceTree = "<group>"; };
		5E84CFF327AB199C00FCF59F /* FlixPartOneUITestsLaunchTests.swift */ = {isa = PBXFileReference; lastKnownFileType = sourcecode.swift; path = FlixPartOneUITestsLaunchTests.swift; sourceTree = "<group>"; };
		5E84D00227AB251E00FCF59F /* MoviesViewController.swift */ = {isa = PBXFileReference; lastKnownFileType = sourcecode.swift; path = MoviesViewController.swift; sourceTree = "<group>"; };
		5E84D00427ADFF8100FCF59F /* MovieCell.swift */ = {isa = PBXFileReference; lastKnownFileType = sourcecode.swift; path = MovieCell.swift; sourceTree = "<group>"; };
		5EC0ED6A27B800C700077D45 /* MovieDetailsViewController.swift */ = {isa = PBXFileReference; lastKnownFileType = sourcecode.swift; path = MovieDetailsViewController.swift; sourceTree = "<group>"; };
		5EC0ED6C27B973B200077D45 /* MovieGridViewController.swift */ = {isa = PBXFileReference; lastKnownFileType = sourcecode.swift; path = MovieGridViewController.swift; sourceTree = "<group>"; };
		5EC0ED6E27B980FE00077D45 /* MovieGridCell.swift */ = {isa = PBXFileReference; lastKnownFileType = sourcecode.swift; path = MovieGridCell.swift; sourceTree = "<group>"; };
		5EC0ED7027BA0F4600077D45 /* HeroDetailsViewController.swift */ = {isa = PBXFileReference; lastKnownFileType = sourcecode.swift; path = HeroDetailsViewController.swift; sourceTree = "<group>"; };
		6F06AD7894A4CEAC10A3FE67 /* Pods-FlixPartOne.release.xcconfig */ = {isa = PBXFileReference; includeInIndex = 1; lastKnownFileType = text.xcconfig; name = "Pods-FlixPartOne.release.xcconfig"; path = "Target Support Files/Pods-FlixPartOne/Pods-FlixPartOne.release.xcconfig"; sourceTree = "<group>"; };
		6FF6B1B79644F9C50418CF1A /* Pods-FlixPartOneTests.debug.xcconfig */ = {isa = PBXFileReference; includeInIndex = 1; lastKnownFileType = text.xcconfig; name = "Pods-FlixPartOneTests.debug.xcconfig"; path = "Target Support Files/Pods-FlixPartOneTests/Pods-FlixPartOneTests.debug.xcconfig"; sourceTree = "<group>"; };
		8F15B06190EC0FA54432914C /* Pods_FlixPartOne_FlixPartOneUITests.framework */ = {isa = PBXFileReference; explicitFileType = wrapper.framework; includeInIndex = 0; path = Pods_FlixPartOne_FlixPartOneUITests.framework; sourceTree = BUILT_PRODUCTS_DIR; };
		A2DA6D695FCEEDB8C94FE7DB /* Pods-FlixPartOneTests.release.xcconfig */ = {isa = PBXFileReference; includeInIndex = 1; lastKnownFileType = text.xcconfig; name = "Pods-FlixPartOneTests.release.xcconfig"; path = "Target Support Files/Pods-FlixPartOneTests/Pods-FlixPartOneTests.release.xcconfig"; sourceTree = "<group>"; };
		A38995550B8BD257E610AB1E /* Pods_FlixPartOneTests.framework */ = {isa = PBXFileReference; explicitFileType = wrapper.framework; includeInIndex = 0; path = Pods_FlixPartOneTests.framework; sourceTree = BUILT_PRODUCTS_DIR; };
		AEC145D2F46102C244F03A4A /* Pods-FlixPartOne.debug.xcconfig */ = {isa = PBXFileReference; includeInIndex = 1; lastKnownFileType = text.xcconfig; name = "Pods-FlixPartOne.debug.xcconfig"; path = "Target Support Files/Pods-FlixPartOne/Pods-FlixPartOne.debug.xcconfig"; sourceTree = "<group>"; };
		B60F14967E9673291E136490 /* Pods-FlixPartOne-FlixPartOneUITests.release.xcconfig */ = {isa = PBXFileReference; includeInIndex = 1; lastKnownFileType = text.xcconfig; name = "Pods-FlixPartOne-FlixPartOneUITests.release.xcconfig"; path = "Target Support Files/Pods-FlixPartOne-FlixPartOneUITests/Pods-FlixPartOne-FlixPartOneUITests.release.xcconfig"; sourceTree = "<group>"; };
		B687A7F9B41A5BB78B7BA9C9 /* Pods-FlixPartOne-FlixPartOneUITests.debug.xcconfig */ = {isa = PBXFileReference; includeInIndex = 1; lastKnownFileType = text.xcconfig; name = "Pods-FlixPartOne-FlixPartOneUITests.debug.xcconfig"; path = "Target Support Files/Pods-FlixPartOne-FlixPartOneUITests/Pods-FlixPartOne-FlixPartOneUITests.debug.xcconfig"; sourceTree = "<group>"; };
		C00AB09877A5A5098291DFD8 /* Pods_FlixPartOne.framework */ = {isa = PBXFileReference; explicitFileType = wrapper.framework; includeInIndex = 0; path = Pods_FlixPartOne.framework; sourceTree = BUILT_PRODUCTS_DIR; };
/* End PBXFileReference section */

/* Begin PBXFrameworksBuildPhase section */
		5E84CFCA27AB199B00FCF59F /* Frameworks */ = {
			isa = PBXFrameworksBuildPhase;
			buildActionMask = 2147483647;
			files = (
				5E84D00827AE101B00FCF59F /* AlamofireImage in Frameworks */,
				9E91139FE924435685AF08F6 /* Pods_FlixPartOne.framework in Frameworks */,
			);
			runOnlyForDeploymentPostprocessing = 0;
		};
		5E84CFE027AB199C00FCF59F /* Frameworks */ = {
			isa = PBXFrameworksBuildPhase;
			buildActionMask = 2147483647;
			files = (
				4488CC563AB7B3200EFF0C9A /* Pods_FlixPartOneTests.framework in Frameworks */,
			);
			runOnlyForDeploymentPostprocessing = 0;
		};
		5E84CFEA27AB199C00FCF59F /* Frameworks */ = {
			isa = PBXFrameworksBuildPhase;
			buildActionMask = 2147483647;
			files = (
				569F6492222F301AEB18CC0D /* Pods_FlixPartOne_FlixPartOneUITests.framework in Frameworks */,
			);
			runOnlyForDeploymentPostprocessing = 0;
		};
/* End PBXFrameworksBuildPhase section */

/* Begin PBXGroup section */
		3D658FA017B81D43B430B065 /* Frameworks */ = {
			isa = PBXGroup;
			children = (
				C00AB09877A5A5098291DFD8 /* Pods_FlixPartOne.framework */,
				8F15B06190EC0FA54432914C /* Pods_FlixPartOne_FlixPartOneUITests.framework */,
				A38995550B8BD257E610AB1E /* Pods_FlixPartOneTests.framework */,
			);
			name = Frameworks;
			sourceTree = "<group>";
		};
		5E84CFC427AB199B00FCF59F = {
			isa = PBXGroup;
			children = (
				5E84CFCF27AB199B00FCF59F /* FlixPartOne */,
				5E84CFE627AB199C00FCF59F /* FlixPartOneTests */,
				5E84CFF027AB199C00FCF59F /* FlixPartOneUITests */,
				5E84CFCE27AB199B00FCF59F /* Products */,
				DF402B3FAC86BB4BABDCB960 /* Pods */,
				3D658FA017B81D43B430B065 /* Frameworks */,
			);
			sourceTree = "<group>";
		};
		5E84CFCE27AB199B00FCF59F /* Products */ = {
			isa = PBXGroup;
			children = (
				5E84CFCD27AB199B00FCF59F /* FlixPartOne.app */,
				5E84CFE327AB199C00FCF59F /* FlixPartOneTests.xctest */,
				5E84CFED27AB199C00FCF59F /* FlixPartOneUITests.xctest */,
			);
			name = Products;
			sourceTree = "<group>";
		};
		5E84CFCF27AB199B00FCF59F /* FlixPartOne */ = {
			isa = PBXGroup;
			children = (
				5E84CFD027AB199B00FCF59F /* AppDelegate.swift */,
				5E84CFD227AB199B00FCF59F /* SceneDelegate.swift */,
				5E84CFD427AB199B00FCF59F /* ViewController.swift */,
				5E84CFD627AB199B00FCF59F /* Main.storyboard */,
				5E84CFD927AB199C00FCF59F /* Assets.xcassets */,
				5E84CFDB27AB199C00FCF59F /* LaunchScreen.storyboard */,
				5E84CFDE27AB199C00FCF59F /* Info.plist */,
				5E84D00227AB251E00FCF59F /* MoviesViewController.swift */,
				5E84D00427ADFF8100FCF59F /* MovieCell.swift */,
				5EC0ED6A27B800C700077D45 /* MovieDetailsViewController.swift */,
				5EC0ED6C27B973B200077D45 /* MovieGridViewController.swift */,
				5EC0ED6E27B980FE00077D45 /* MovieGridCell.swift */,
				5EC0ED7027BA0F4600077D45 /* HeroDetailsViewController.swift */,
			);
			path = FlixPartOne;
			sourceTree = "<group>";
		};
		5E84CFE627AB199C00FCF59F /* FlixPartOneTests */ = {
			isa = PBXGroup;
			children = (
				5E84CFE727AB199C00FCF59F /* FlixPartOneTests.swift */,
			);
			path = FlixPartOneTests;
			sourceTree = "<group>";
		};
		5E84CFF027AB199C00FCF59F /* FlixPartOneUITests */ = {
			isa = PBXGroup;
			children = (
				5E84CFF127AB199C00FCF59F /* FlixPartOneUITests.swift */,
				5E84CFF327AB199C00FCF59F /* FlixPartOneUITestsLaunchTests.swift */,
			);
			path = FlixPartOneUITests;
			sourceTree = "<group>";
		};
		DF402B3FAC86BB4BABDCB960 /* Pods */ = {
			isa = PBXGroup;
			children = (
				AEC145D2F46102C244F03A4A /* Pods-FlixPartOne.debug.xcconfig */,
				6F06AD7894A4CEAC10A3FE67 /* Pods-FlixPartOne.release.xcconfig */,
				B687A7F9B41A5BB78B7BA9C9 /* Pods-FlixPartOne-FlixPartOneUITests.debug.xcconfig */,
				B60F14967E9673291E136490 /* Pods-FlixPartOne-FlixPartOneUITests.release.xcconfig */,
				6FF6B1B79644F9C50418CF1A /* Pods-FlixPartOneTests.debug.xcconfig */,
				A2DA6D695FCEEDB8C94FE7DB /* Pods-FlixPartOneTests.release.xcconfig */,
			);
			path = Pods;
			sourceTree = "<group>";
		};
/* End PBXGroup section */

/* Begin PBXNativeTarget section */
		5E84CFCC27AB199B00FCF59F /* FlixPartOne */ = {
			isa = PBXNativeTarget;
			buildConfigurationList = 5E84CFF727AB199C00FCF59F /* Build configuration list for PBXNativeTarget "FlixPartOne" */;
			buildPhases = (
				BB8724390BCDAE41DD5C259A /* [CP] Check Pods Manifest.lock */,
				5E84CFC927AB199B00FCF59F /* Sources */,
				5E84CFCA27AB199B00FCF59F /* Frameworks */,
				5E84CFCB27AB199B00FCF59F /* Resources */,
				E933833A020B01FDFF241839 /* [CP] Embed Pods Frameworks */,
			);
			buildRules = (
			);
			dependencies = (
			);
			name = FlixPartOne;
			packageProductDependencies = (
				5E84D00727AE101B00FCF59F /* AlamofireImage */,
			);
			productName = FlixPartOne;
			productReference = 5E84CFCD27AB199B00FCF59F /* FlixPartOne.app */;
			productType = "com.apple.product-type.application";
		};
		5E84CFE227AB199C00FCF59F /* FlixPartOneTests */ = {
			isa = PBXNativeTarget;
			buildConfigurationList = 5E84CFFA27AB199C00FCF59F /* Build configuration list for PBXNativeTarget "FlixPartOneTests" */;
			buildPhases = (
				0ECAFA05C469878672600A96 /* [CP] Check Pods Manifest.lock */,
				5E84CFDF27AB199C00FCF59F /* Sources */,
				5E84CFE027AB199C00FCF59F /* Frameworks */,
				5E84CFE127AB199C00FCF59F /* Resources */,
			);
			buildRules = (
			);
			dependencies = (
				5E84CFE527AB199C00FCF59F /* PBXTargetDependency */,
			);
			name = FlixPartOneTests;
			productName = FlixPartOneTests;
			productReference = 5E84CFE327AB199C00FCF59F /* FlixPartOneTests.xctest */;
			productType = "com.apple.product-type.bundle.unit-test";
		};
		5E84CFEC27AB199C00FCF59F /* FlixPartOneUITests */ = {
			isa = PBXNativeTarget;
			buildConfigurationList = 5E84CFFD27AB199C00FCF59F /* Build configuration list for PBXNativeTarget "FlixPartOneUITests" */;
			buildPhases = (
				68CD53FBB94E10C56886FA07 /* [CP] Check Pods Manifest.lock */,
				5E84CFE927AB199C00FCF59F /* Sources */,
				5E84CFEA27AB199C00FCF59F /* Frameworks */,
				5E84CFEB27AB199C00FCF59F /* Resources */,
				D3B029EEB7BB4E281980BC6C /* [CP] Embed Pods Frameworks */,
			);
			buildRules = (
			);
			dependencies = (
				5E84CFEF27AB199C00FCF59F /* PBXTargetDependency */,
			);
			name = FlixPartOneUITests;
			productName = FlixPartOneUITests;
			productReference = 5E84CFED27AB199C00FCF59F /* FlixPartOneUITests.xctest */;
			productType = "com.apple.product-type.bundle.ui-testing";
		};
/* End PBXNativeTarget section */

/* Begin PBXProject section */
		5E84CFC527AB199B00FCF59F /* Project object */ = {
			isa = PBXProject;
			attributes = {
				BuildIndependentTargetsInParallel = 1;
				LastSwiftUpdateCheck = 1320;
				LastUpgradeCheck = 1320;
				TargetAttributes = {
					5E84CFCC27AB199B00FCF59F = {
						CreatedOnToolsVersion = 13.2.1;
					};
					5E84CFE227AB199C00FCF59F = {
						CreatedOnToolsVersion = 13.2.1;
						TestTargetID = 5E84CFCC27AB199B00FCF59F;
					};
					5E84CFEC27AB199C00FCF59F = {
						CreatedOnToolsVersion = 13.2.1;
						TestTargetID = 5E84CFCC27AB199B00FCF59F;
					};
				};
			};
			buildConfigurationList = 5E84CFC827AB199B00FCF59F /* Build configuration list for PBXProject "FlixPartOne" */;
			compatibilityVersion = "Xcode 13.0";
			developmentRegion = en;
			hasScannedForEncodings = 0;
			knownRegions = (
				en,
				Base,
			);
			mainGroup = 5E84CFC427AB199B00FCF59F;
			packageReferences = (
				5E84D00627AE101B00FCF59F /* XCRemoteSwiftPackageReference "AlamofireImage" */,
			);
			productRefGroup = 5E84CFCE27AB199B00FCF59F /* Products */;
			projectDirPath = "";
			projectRoot = "";
			targets = (
				5E84CFCC27AB199B00FCF59F /* FlixPartOne */,
				5E84CFE227AB199C00FCF59F /* FlixPartOneTests */,
				5E84CFEC27AB199C00FCF59F /* FlixPartOneUITests */,
			);
		};
/* End PBXProject section */

/* Begin PBXResourcesBuildPhase section */
		5E84CFCB27AB199B00FCF59F /* Resources */ = {
			isa = PBXResourcesBuildPhase;
			buildActionMask = 2147483647;
			files = (
				5E84CFDD27AB199C00FCF59F /* LaunchScreen.storyboard in Resources */,
				5E84CFDA27AB199C00FCF59F /* Assets.xcassets in Resources */,
				5E84CFD827AB199B00FCF59F /* Main.storyboard in Resources */,
			);
			runOnlyForDeploymentPostprocessing = 0;
		};
		5E84CFE127AB199C00FCF59F /* Resources */ = {
			isa = PBXResourcesBuildPhase;
			buildActionMask = 2147483647;
			files = (
			);
			runOnlyForDeploymentPostprocessing = 0;
		};
		5E84CFEB27AB199C00FCF59F /* Resources */ = {
			isa = PBXResourcesBuildPhase;
			buildActionMask = 2147483647;
			files = (
			);
			runOnlyForDeploymentPostprocessing = 0;
		};
/* End PBXResourcesBuildPhase section */

/* Begin PBXShellScriptBuildPhase section */
		0ECAFA05C469878672600A96 /* [CP] Check Pods Manifest.lock */ = {
			isa = PBXShellScriptBuildPhase;
			buildActionMask = 2147483647;
			files = (
			);
			inputFileListPaths = (
			);
			inputPaths = (
				"${PODS_PODFILE_DIR_PATH}/Podfile.lock",
				"${PODS_ROOT}/Manifest.lock",
			);
			name = "[CP] Check Pods Manifest.lock";
			outputFileListPaths = (
			);
			outputPaths = (
				"$(DERIVED_FILE_DIR)/Pods-FlixPartOneTests-checkManifestLockResult.txt",
			);
			runOnlyForDeploymentPostprocessing = 0;
			shellPath = /bin/sh;
			shellScript = "diff \"${PODS_PODFILE_DIR_PATH}/Podfile.lock\" \"${PODS_ROOT}/Manifest.lock\" > /dev/null\nif [ $? != 0 ] ; then\n    # print error to STDERR\n    echo \"error: The sandbox is not in sync with the Podfile.lock. Run 'pod install' or update your CocoaPods installation.\" >&2\n    exit 1\nfi\n# This output is used by Xcode 'outputs' to avoid re-running this script phase.\necho \"SUCCESS\" > \"${SCRIPT_OUTPUT_FILE_0}\"\n";
			showEnvVarsInLog = 0;
		};
		68CD53FBB94E10C56886FA07 /* [CP] Check Pods Manifest.lock */ = {
			isa = PBXShellScriptBuildPhase;
			buildActionMask = 2147483647;
			files = (
			);
			inputFileListPaths = (
			);
			inputPaths = (
				"${PODS_PODFILE_DIR_PATH}/Podfile.lock",
				"${PODS_ROOT}/Manifest.lock",
			);
			name = "[CP] Check Pods Manifest.lock";
			outputFileListPaths = (
			);
			outputPaths = (
				"$(DERIVED_FILE_DIR)/Pods-FlixPartOne-FlixPartOneUITests-checkManifestLockResult.txt",
			);
			runOnlyForDeploymentPostprocessing = 0;
			shellPath = /bin/sh;
			shellScript = "diff \"${PODS_PODFILE_DIR_PATH}/Podfile.lock\" \"${PODS_ROOT}/Manifest.lock\" > /dev/null\nif [ $? != 0 ] ; then\n    # print error to STDERR\n    echo \"error: The sandbox is not in sync with the Podfile.lock. Run 'pod install' or update your CocoaPods installation.\" >&2\n    exit 1\nfi\n# This output is used by Xcode 'outputs' to avoid re-running this script phase.\necho \"SUCCESS\" > \"${SCRIPT_OUTPUT_FILE_0}\"\n";
			showEnvVarsInLog = 0;
		};
		BB8724390BCDAE41DD5C259A /* [CP] Check Pods Manifest.lock */ = {
			isa = PBXShellScriptBuildPhase;
			buildActionMask = 2147483647;
			files = (
			);
			inputFileListPaths = (
			);
			inputPaths = (
				"${PODS_PODFILE_DIR_PATH}/Podfile.lock",
				"${PODS_ROOT}/Manifest.lock",
			);
			name = "[CP] Check Pods Manifest.lock";
			outputFileListPaths = (
			);
			outputPaths = (
				"$(DERIVED_FILE_DIR)/Pods-FlixPartOne-checkManifestLockResult.txt",
			);
			runOnlyForDeploymentPostprocessing = 0;
			shellPath = /bin/sh;
			shellScript = "diff \"${PODS_PODFILE_DIR_PATH}/Podfile.lock\" \"${PODS_ROOT}/Manifest.lock\" > /dev/null\nif [ $? != 0 ] ; then\n    # print error to STDERR\n    echo \"error: The sandbox is not in sync with the Podfile.lock. Run 'pod install' or update your CocoaPods installation.\" >&2\n    exit 1\nfi\n# This output is used by Xcode 'outputs' to avoid re-running this script phase.\necho \"SUCCESS\" > \"${SCRIPT_OUTPUT_FILE_0}\"\n";
			showEnvVarsInLog = 0;
		};
		D3B029EEB7BB4E281980BC6C /* [CP] Embed Pods Frameworks */ = {
			isa = PBXShellScriptBuildPhase;
			buildActionMask = 2147483647;
			files = (
			);
			inputFileListPaths = (
				"${PODS_ROOT}/Target Support Files/Pods-FlixPartOne-FlixPartOneUITests/Pods-FlixPartOne-FlixPartOneUITests-frameworks-${CONFIGURATION}-input-files.xcfilelist",
			);
			name = "[CP] Embed Pods Frameworks";
			outputFileListPaths = (
				"${PODS_ROOT}/Target Support Files/Pods-FlixPartOne-FlixPartOneUITests/Pods-FlixPartOne-FlixPartOneUITests-frameworks-${CONFIGURATION}-output-files.xcfilelist",
			);
			runOnlyForDeploymentPostprocessing = 0;
			shellPath = /bin/sh;
			shellScript = "\"${PODS_ROOT}/Target Support Files/Pods-FlixPartOne-FlixPartOneUITests/Pods-FlixPartOne-FlixPartOneUITests-frameworks.sh\"\n";
			showEnvVarsInLog = 0;
		};
		E933833A020B01FDFF241839 /* [CP] Embed Pods Frameworks */ = {
			isa = PBXShellScriptBuildPhase;
			buildActionMask = 2147483647;
			files = (
			);
			inputFileListPaths = (
				"${PODS_ROOT}/Target Support Files/Pods-FlixPartOne/Pods-FlixPartOne-frameworks-${CONFIGURATION}-input-files.xcfilelist",
			);
			name = "[CP] Embed Pods Frameworks";
			outputFileListPaths = (
				"${PODS_ROOT}/Target Support Files/Pods-FlixPartOne/Pods-FlixPartOne-frameworks-${CONFIGURATION}-output-files.xcfilelist",
			);
			runOnlyForDeploymentPostprocessing = 0;
			shellPath = /bin/sh;
			shellScript = "\"${PODS_ROOT}/Target Support Files/Pods-FlixPartOne/Pods-FlixPartOne-frameworks.sh\"\n";
			showEnvVarsInLog = 0;
		};
/* End PBXShellScriptBuildPhase section */

/* Begin PBXSourcesBuildPhase section */
		5E84CFC927AB199B00FCF59F /* Sources */ = {
			isa = PBXSourcesBuildPhase;
			buildActionMask = 2147483647;
			files = (
				5E84CFD527AB199B00FCF59F /* ViewController.swift in Sources */,
				5E84CFD127AB199B00FCF59F /* AppDelegate.swift in Sources */,
				5EC0ED7127BA0F4600077D45 /* HeroDetailsViewController.swift in Sources */,
				5EC0ED6B27B800C700077D45 /* MovieDetailsViewController.swift in Sources */,
				5EC0ED6D27B973B200077D45 /* MovieGridViewController.swift in Sources */,
				5EC0ED6F27B980FE00077D45 /* MovieGridCell.swift in Sources */,
				5E84CFD327AB199B00FCF59F /* SceneDelegate.swift in Sources */,
				5E84D00527ADFF8100FCF59F /* MovieCell.swift in Sources */,
				5E84D00327AB251E00FCF59F /* MoviesViewController.swift in Sources */,
			);
			runOnlyForDeploymentPostprocessing = 0;
		};
		5E84CFDF27AB199C00FCF59F /* Sources */ = {
			isa = PBXSourcesBuildPhase;
			buildActionMask = 2147483647;
			files = (
				5E84CFE827AB199C00FCF59F /* FlixPartOneTests.swift in Sources */,
			);
			runOnlyForDeploymentPostprocessing = 0;
		};
		5E84CFE927AB199C00FCF59F /* Sources */ = {
			isa = PBXSourcesBuildPhase;
			buildActionMask = 2147483647;
			files = (
				5E84CFF227AB199C00FCF59F /* FlixPartOneUITests.swift in Sources */,
				5E84CFF427AB199C00FCF59F /* FlixPartOneUITestsLaunchTests.swift in Sources */,
			);
			runOnlyForDeploymentPostprocessing = 0;
		};
/* End PBXSourcesBuildPhase section */

/* Begin PBXTargetDependency section */
		5E84CFE527AB199C00FCF59F /* PBXTargetDependency */ = {
			isa = PBXTargetDependency;
			target = 5E84CFCC27AB199B00FCF59F /* FlixPartOne */;
			targetProxy = 5E84CFE427AB199C00FCF59F /* PBXContainerItemProxy */;
		};
		5E84CFEF27AB199C00FCF59F /* PBXTargetDependency */ = {
			isa = PBXTargetDependency;
			target = 5E84CFCC27AB199B00FCF59F /* FlixPartOne */;
			targetProxy = 5E84CFEE27AB199C00FCF59F /* PBXContainerItemProxy */;
		};
/* End PBXTargetDependency section */

/* Begin PBXVariantGroup section */
		5E84CFD627AB199B00FCF59F /* Main.storyboard */ = {
			isa = PBXVariantGroup;
			children = (
				5E84CFD727AB199B00FCF59F /* Base */,
			);
			name = Main.storyboard;
			sourceTree = "<group>";
		};
		5E84CFDB27AB199C00FCF59F /* LaunchScreen.storyboard */ = {
			isa = PBXVariantGroup;
			children = (
				5E84CFDC27AB199C00FCF59F /* Base */,
			);
			name = LaunchScreen.storyboard;
			sourceTree = "<group>";
		};
/* End PBXVariantGroup section */

/* Begin XCBuildConfiguration section */
		5E84CFF527AB199C00FCF59F /* Debug */ = {
			isa = XCBuildConfiguration;
			buildSettings = {
				ALWAYS_SEARCH_USER_PATHS = NO;
				CLANG_ANALYZER_NONNULL = YES;
				CLANG_ANALYZER_NUMBER_OBJECT_CONVERSION = YES_AGGRESSIVE;
				CLANG_CXX_LANGUAGE_STANDARD = "gnu++17";
				CLANG_CXX_LIBRARY = "libc++";
				CLANG_ENABLE_MODULES = YES;
				CLANG_ENABLE_OBJC_ARC = YES;
				CLANG_ENABLE_OBJC_WEAK = YES;
				CLANG_WARN_BLOCK_CAPTURE_AUTORELEASING = YES;
				CLANG_WARN_BOOL_CONVERSION = YES;
				CLANG_WARN_COMMA = YES;
				CLANG_WARN_CONSTANT_CONVERSION = YES;
				CLANG_WARN_DEPRECATED_OBJC_IMPLEMENTATIONS = YES;
				CLANG_WARN_DIRECT_OBJC_ISA_USAGE = YES_ERROR;
				CLANG_WARN_DOCUMENTATION_COMMENTS = YES;
				CLANG_WARN_EMPTY_BODY = YES;
				CLANG_WARN_ENUM_CONVERSION = YES;
				CLANG_WARN_INFINITE_RECURSION = YES;
				CLANG_WARN_INT_CONVERSION = YES;
				CLANG_WARN_NON_LITERAL_NULL_CONVERSION = YES;
				CLANG_WARN_OBJC_IMPLICIT_RETAIN_SELF = YES;
				CLANG_WARN_OBJC_LITERAL_CONVERSION = YES;
				CLANG_WARN_OBJC_ROOT_CLASS = YES_ERROR;
				CLANG_WARN_QUOTED_INCLUDE_IN_FRAMEWORK_HEADER = YES;
				CLANG_WARN_RANGE_LOOP_ANALYSIS = YES;
				CLANG_WARN_STRICT_PROTOTYPES = YES;
				CLANG_WARN_SUSPICIOUS_MOVE = YES;
				CLANG_WARN_UNGUARDED_AVAILABILITY = YES_AGGRESSIVE;
				CLANG_WARN_UNREACHABLE_CODE = YES;
				CLANG_WARN__DUPLICATE_METHOD_MATCH = YES;
				COPY_PHASE_STRIP = NO;
				DEBUG_INFORMATION_FORMAT = dwarf;
				ENABLE_STRICT_OBJC_MSGSEND = YES;
				ENABLE_TESTABILITY = YES;
				GCC_C_LANGUAGE_STANDARD = gnu11;
				GCC_DYNAMIC_NO_PIC = NO;
				GCC_NO_COMMON_BLOCKS = YES;
				GCC_OPTIMIZATION_LEVEL = 0;
				GCC_PREPROCESSOR_DEFINITIONS = (
					"DEBUG=1",
					"$(inherited)",
				);
				GCC_WARN_64_TO_32_BIT_CONVERSION = YES;
				GCC_WARN_ABOUT_RETURN_TYPE = YES_ERROR;
				GCC_WARN_UNDECLARED_SELECTOR = YES;
				GCC_WARN_UNINITIALIZED_AUTOS = YES_AGGRESSIVE;
				GCC_WARN_UNUSED_FUNCTION = YES;
				GCC_WARN_UNUSED_VARIABLE = YES;
				IPHONEOS_DEPLOYMENT_TARGET = 15.2;
				MTL_ENABLE_DEBUG_INFO = INCLUDE_SOURCE;
				MTL_FAST_MATH = YES;
				ONLY_ACTIVE_ARCH = YES;
				SDKROOT = iphoneos;
				SWIFT_ACTIVE_COMPILATION_CONDITIONS = DEBUG;
				SWIFT_OPTIMIZATION_LEVEL = "-Onone";
			};
			name = Debug;
		};
		5E84CFF627AB199C00FCF59F /* Release */ = {
			isa = XCBuildConfiguration;
			buildSettings = {
				ALWAYS_SEARCH_USER_PATHS = NO;
				CLANG_ANALYZER_NONNULL = YES;
				CLANG_ANALYZER_NUMBER_OBJECT_CONVERSION = YES_AGGRESSIVE;
				CLANG_CXX_LANGUAGE_STANDARD = "gnu++17";
				CLANG_CXX_LIBRARY = "libc++";
				CLANG_ENABLE_MODULES = YES;
				CLANG_ENABLE_OBJC_ARC = YES;
				CLANG_ENABLE_OBJC_WEAK = YES;
				CLANG_WARN_BLOCK_CAPTURE_AUTORELEASING = YES;
				CLANG_WARN_BOOL_CONVERSION = YES;
				CLANG_WARN_COMMA = YES;
				CLANG_WARN_CONSTANT_CONVERSION = YES;
				CLANG_WARN_DEPRECATED_OBJC_IMPLEMENTATIONS = YES;
				CLANG_WARN_DIRECT_OBJC_ISA_USAGE = YES_ERROR;
				CLANG_WARN_DOCUMENTATION_COMMENTS = YES;
				CLANG_WARN_EMPTY_BODY = YES;
				CLANG_WARN_ENUM_CONVERSION = YES;
				CLANG_WARN_INFINITE_RECURSION = YES;
				CLANG_WARN_INT_CONVERSION = YES;
				CLANG_WARN_NON_LITERAL_NULL_CONVERSION = YES;
				CLANG_WARN_OBJC_IMPLICIT_RETAIN_SELF = YES;
				CLANG_WARN_OBJC_LITERAL_CONVERSION = YES;
				CLANG_WARN_OBJC_ROOT_CLASS = YES_ERROR;
				CLANG_WARN_QUOTED_INCLUDE_IN_FRAMEWORK_HEADER = YES;
				CLANG_WARN_RANGE_LOOP_ANALYSIS = YES;
				CLANG_WARN_STRICT_PROTOTYPES = YES;
				CLANG_WARN_SUSPICIOUS_MOVE = YES;
				CLANG_WARN_UNGUARDED_AVAILABILITY = YES_AGGRESSIVE;
				CLANG_WARN_UNREACHABLE_CODE = YES;
				CLANG_WARN__DUPLICATE_METHOD_MATCH = YES;
				COPY_PHASE_STRIP = NO;
				DEBUG_INFORMATION_FORMAT = "dwarf-with-dsym";
				ENABLE_NS_ASSERTIONS = NO;
				ENABLE_STRICT_OBJC_MSGSEND = YES;
				GCC_C_LANGUAGE_STANDARD = gnu11;
				GCC_NO_COMMON_BLOCKS = YES;
				GCC_WARN_64_TO_32_BIT_CONVERSION = YES;
				GCC_WARN_ABOUT_RETURN_TYPE = YES_ERROR;
				GCC_WARN_UNDECLARED_SELECTOR = YES;
				GCC_WARN_UNINITIALIZED_AUTOS = YES_AGGRESSIVE;
				GCC_WARN_UNUSED_FUNCTION = YES;
				GCC_WARN_UNUSED_VARIABLE = YES;
				IPHONEOS_DEPLOYMENT_TARGET = 15.2;
				MTL_ENABLE_DEBUG_INFO = NO;
				MTL_FAST_MATH = YES;
				SDKROOT = iphoneos;
				SWIFT_COMPILATION_MODE = wholemodule;
				SWIFT_OPTIMIZATION_LEVEL = "-O";
				VALIDATE_PRODUCT = YES;
			};
			name = Release;
		};
		5E84CFF827AB199C00FCF59F /* Debug */ = {
			isa = XCBuildConfiguration;
			baseConfigurationReference = AEC145D2F46102C244F03A4A /* Pods-FlixPartOne.debug.xcconfig */;
			buildSettings = {
				ASSETCATALOG_COMPILER_APPICON_NAME = AppIcon;
				ASSETCATALOG_COMPILER_GLOBAL_ACCENT_COLOR_NAME = AccentColor;
				CODE_SIGN_STYLE = Automatic;
				CURRENT_PROJECT_VERSION = 1;
				DEVELOPMENT_TEAM = L633JN5U5C;
				GENERATE_INFOPLIST_FILE = YES;
				INFOPLIST_FILE = FlixPartOne/Info.plist;
				INFOPLIST_KEY_UIApplicationSupportsIndirectInputEvents = YES;
				INFOPLIST_KEY_UILaunchStoryboardName = LaunchScreen;
				INFOPLIST_KEY_UIMainStoryboardFile = Main;
				INFOPLIST_KEY_UISupportedInterfaceOrientations_iPad = "UIInterfaceOrientationPortrait UIInterfaceOrientationPortraitUpsideDown UIInterfaceOrientationLandscapeLeft UIInterfaceOrientationLandscapeRight";
				INFOPLIST_KEY_UISupportedInterfaceOrientations_iPhone = "UIInterfaceOrientationPortrait UIInterfaceOrientationLandscapeLeft UIInterfaceOrientationLandscapeRight";
				LD_RUNPATH_SEARCH_PATHS = (
					"$(inherited)",
					"@executable_path/Frameworks",
				);
				MARKETING_VERSION = 1.0;
				PRODUCT_BUNDLE_IDENTIFIER = com.ios.shuk.dev.FlixPartOne;
				PRODUCT_NAME = "$(TARGET_NAME)";
				SWIFT_EMIT_LOC_STRINGS = YES;
				SWIFT_VERSION = 5.0;
				TARGETED_DEVICE_FAMILY = "1,2";
			};
			name = Debug;
		};
		5E84CFF927AB199C00FCF59F /* Release */ = {
			isa = XCBuildConfiguration;
			baseConfigurationReference = 6F06AD7894A4CEAC10A3FE67 /* Pods-FlixPartOne.release.xcconfig */;
			buildSettings = {
				ASSETCATALOG_COMPILER_APPICON_NAME = AppIcon;
				ASSETCATALOG_COMPILER_GLOBAL_ACCENT_COLOR_NAME = AccentColor;
				CODE_SIGN_STYLE = Automatic;
				CURRENT_PROJECT_VERSION = 1;
				DEVELOPMENT_TEAM = L633JN5U5C;
				GENERATE_INFOPLIST_FILE = YES;
				INFOPLIST_FILE = FlixPartOne/Info.plist;
				INFOPLIST_KEY_UIApplicationSupportsIndirectInputEvents = YES;
				INFOPLIST_KEY_UILaunchStoryboardName = LaunchScreen;
				INFOPLIST_KEY_UIMainStoryboardFile = Main;
				INFOPLIST_KEY_UISupportedInterfaceOrientations_iPad = "UIInterfaceOrientationPortrait UIInterfaceOrientationPortraitUpsideDown UIInterfaceOrientationLandscapeLeft UIInterfaceOrientationLandscapeRight";
				INFOPLIST_KEY_UISupportedInterfaceOrientations_iPhone = "UIInterfaceOrientationPortrait UIInterfaceOrientationLandscapeLeft UIInterfaceOrientationLandscapeRight";
				LD_RUNPATH_SEARCH_PATHS = (
					"$(inherited)",
					"@executable_path/Frameworks",
				);
				MARKETING_VERSION = 1.0;
				PRODUCT_BUNDLE_IDENTIFIER = com.ios.shuk.dev.FlixPartOne;
				PRODUCT_NAME = "$(TARGET_NAME)";
				SWIFT_EMIT_LOC_STRINGS = YES;
				SWIFT_VERSION = 5.0;
				TARGETED_DEVICE_FAMILY = "1,2";
			};
			name = Release;
		};
		5E84CFFB27AB199C00FCF59F /* Debug */ = {
			isa = XCBuildConfiguration;
			baseConfigurationReference = 6FF6B1B79644F9C50418CF1A /* Pods-FlixPartOneTests.debug.xcconfig */;
			buildSettings = {
				ALWAYS_EMBED_SWIFT_STANDARD_LIBRARIES = YES;
				BUNDLE_LOADER = "$(TEST_HOST)";
				CODE_SIGN_STYLE = Automatic;
				CURRENT_PROJECT_VERSION = 1;
				DEVELOPMENT_TEAM = L633JN5U5C;
				GENERATE_INFOPLIST_FILE = YES;
				IPHONEOS_DEPLOYMENT_TARGET = 15.2;
				MARKETING_VERSION = 1.0;
				PRODUCT_BUNDLE_IDENTIFIER = com.ios.shuk.dev.FlixPartOneTests;
				PRODUCT_NAME = "$(TARGET_NAME)";
				SWIFT_EMIT_LOC_STRINGS = NO;
				SWIFT_VERSION = 5.0;
				TARGETED_DEVICE_FAMILY = "1,2";
				TEST_HOST = "$(BUILT_PRODUCTS_DIR)/FlixPartOne.app/FlixPartOne";
			};
			name = Debug;
		};
		5E84CFFC27AB199C00FCF59F /* Release */ = {
			isa = XCBuildConfiguration;
			baseConfigurationReference = A2DA6D695FCEEDB8C94FE7DB /* Pods-FlixPartOneTests.release.xcconfig */;
			buildSettings = {
				ALWAYS_EMBED_SWIFT_STANDARD_LIBRARIES = YES;
				BUNDLE_LOADER = "$(TEST_HOST)";
				CODE_SIGN_STYLE = Automatic;
				CURRENT_PROJECT_VERSION = 1;
				DEVELOPMENT_TEAM = L633JN5U5C;
				GENERATE_INFOPLIST_FILE = YES;
				IPHONEOS_DEPLOYMENT_TARGET = 15.2;
				MARKETING_VERSION = 1.0;
				PRODUCT_BUNDLE_IDENTIFIER = com.ios.shuk.dev.FlixPartOneTests;
				PRODUCT_NAME = "$(TARGET_NAME)";
				SWIFT_EMIT_LOC_STRINGS = NO;
				SWIFT_VERSION = 5.0;
				TARGETED_DEVICE_FAMILY = "1,2";
				TEST_HOST = "$(BUILT_PRODUCTS_DIR)/FlixPartOne.app/FlixPartOne";
			};
			name = Release;
		};
		5E84CFFE27AB199C00FCF59F /* Debug */ = {
			isa = XCBuildConfiguration;
			baseConfigurationReference = B687A7F9B41A5BB78B7BA9C9 /* Pods-FlixPartOne-FlixPartOneUITests.debug.xcconfig */;
			buildSettings = {
				ALWAYS_EMBED_SWIFT_STANDARD_LIBRARIES = YES;
				CODE_SIGN_STYLE = Automatic;
				CURRENT_PROJECT_VERSION = 1;
				DEVELOPMENT_TEAM = L633JN5U5C;
				GENERATE_INFOPLIST_FILE = YES;
				MARKETING_VERSION = 1.0;
				PRODUCT_BUNDLE_IDENTIFIER = com.ios.shuk.dev.FlixPartOneUITests;
				PRODUCT_NAME = "$(TARGET_NAME)";
				SWIFT_EMIT_LOC_STRINGS = NO;
				SWIFT_VERSION = 5.0;
				TARGETED_DEVICE_FAMILY = "1,2";
				TEST_TARGET_NAME = FlixPartOne;
			};
			name = Debug;
		};
		5E84CFFF27AB199C00FCF59F /* Release */ = {
			isa = XCBuildConfiguration;
			baseConfigurationReference = B60F14967E9673291E136490 /* Pods-FlixPartOne-FlixPartOneUITests.release.xcconfig */;
			buildSettings = {
				ALWAYS_EMBED_SWIFT_STANDARD_LIBRARIES = YES;
				CODE_SIGN_STYLE = Automatic;
				CURRENT_PROJECT_VERSION = 1;
				DEVELOPMENT_TEAM = L633JN5U5C;
				GENERATE_INFOPLIST_FILE = YES;
				MARKETING_VERSION = 1.0;
				PRODUCT_BUNDLE_IDENTIFIER = com.ios.shuk.dev.FlixPartOneUITests;
				PRODUCT_NAME = "$(TARGET_NAME)";
				SWIFT_EMIT_LOC_STRINGS = NO;
				SWIFT_VERSION = 5.0;
				TARGETED_DEVICE_FAMILY = "1,2";
				TEST_TARGET_NAME = FlixPartOne;
			};
			name = Release;
		};
/* End XCBuildConfiguration section */

/* Begin XCConfigurationList section */
		5E84CFC827AB199B00FCF59F /* Build configuration list for PBXProject "FlixPartOne" */ = {
			isa = XCConfigurationList;
			buildConfigurations = (
				5E84CFF527AB199C00FCF59F /* Debug */,
				5E84CFF627AB199C00FCF59F /* Release */,
			);
			defaultConfigurationIsVisible = 0;
			defaultConfigurationName = Release;
		};
		5E84CFF727AB199C00FCF59F /* Build configuration list for PBXNativeTarget "FlixPartOne" */ = {
			isa = XCConfigurationList;
			buildConfigurations = (
				5E84CFF827AB199C00FCF59F /* Debug */,
				5E84CFF927AB199C00FCF59F /* Release */,
			);
			defaultConfigurationIsVisible = 0;
			defaultConfigurationName = Release;
		};
		5E84CFFA27AB199C00FCF59F /* Build configuration list for PBXNativeTarget "FlixPartOneTests" */ = {
			isa = XCConfigurationList;
			buildConfigurations = (
				5E84CFFB27AB199C00FCF59F /* Debug */,
				5E84CFFC27AB199C00FCF59F /* Release */,
			);
			defaultConfigurationIsVisible = 0;
			defaultConfigurationName = Release;
		};
		5E84CFFD27AB199C00FCF59F /* Build configuration list for PBXNativeTarget "FlixPartOneUITests" */ = {
			isa = XCConfigurationList;
			buildConfigurations = (
				5E84CFFE27AB199C00FCF59F /* Debug */,
				5E84CFFF27AB199C00FCF59F /* Release */,
			);
			defaultConfigurationIsVisible = 0;
			defaultConfigurationName = Release;
		};
/* End XCConfigurationList section */

/* Begin XCRemoteSwiftPackageReference section */
		5E84D00627AE101B00FCF59F /* XCRemoteSwiftPackageReference "AlamofireImage" */ = {
			isa = XCRemoteSwiftPackageReference;
			repositoryURL = "https://github.com/Alamofire/AlamofireImage.git";
			requirement = {
				kind = upToNextMajorVersion;
				minimumVersion = 4.0.0;
			};
		};
/* End XCRemoteSwiftPackageReference section */

/* Begin XCSwiftPackageProductDependency section */
		5E84D00727AE101B00FCF59F /* AlamofireImage */ = {
			isa = XCSwiftPackageProductDependency;
			package = 5E84D00627AE101B00FCF59F /* XCRemoteSwiftPackageReference "AlamofireImage" */;
			productName = AlamofireImage;
		};
/* End XCSwiftPackageProductDependency section */
	};
	rootObject = 5E84CFC527AB199B00FCF59F /* Project object */;
}
